
Microsoft Visual Studio Solution File, Format Version 12.00
# Visual Studio 14
VisualStudioVersion = 14.0.25123.0
MinimumVisualStudioVersion = 10.0.40219.1
Project("{FAE04EC0-301F-11D3-BF4B-00C04F79EFBC}") = "Bangazon", "Bangazon\Bangazon.csproj", "{EF9E6E09-26D7-40AA-B188-4DD58DB3442D}"
EndProject
Global
	GlobalSection(SolutionConfigurationPlatforms) = preSolution
		Debug|Any CPU = Debug|Any CPU
		Release|Any CPU = Release|Any CPU
	EndGlobalSection
	GlobalSection(ProjectConfigurationPlatforms) = postSolution
		{EF9E6E09-26D7-40AA-B188-4DD58DB3442D}.Debug|Any CPU.ActiveCfg = Debug|Any CPU
		{EF9E6E09-26D7-40AA-B188-4DD58DB3442D}.Debug|Any CPU.Build.0 = Debug|Any CPU
		{EF9E6E09-26D7-40AA-B188-4DD58DB3442D}.Release|Any CPU.ActiveCfg = Release|Any CPU
		{EF9E6E09-26D7-40AA-B188-4DD58DB3442D}.Release|Any CPU.Build.0 = Release|Any CPU
	EndGlobalSection
	GlobalSection(SolutionProperties) = preSolution
		HideSolutionNode = FALSE
	EndGlobalSection
EndGlobal
